
Microsoft Visual Studio Solution File, Format Version 12.00
# Visual Studio Version 16
VisualStudioVersion = 16.0.29806.167
MinimumVisualStudioVersion = 10.0.40219.1
Project("{FAE04EC0-301F-11D3-BF4B-00C04F79EFBC}") = "SignalRChatServer", "SignalRChatServer\SignalRChatServer.csproj", "{42870854-1FA1-4EE7-99CA-A65CB115B95B}"
EndProject
Global
	GlobalSection(SolutionConfigurationPlatforms) = preSolution
		Debug|Any CPU = Debug|Any CPU
		Release|Any CPU = Release|Any CPU
	EndGlobalSection
	GlobalSection(ProjectConfigurationPlatforms) = postSolution
		{42870854-1FA1-4EE7-99CA-A65CB115B95B}.Debug|Any CPU.ActiveCfg = Debug|Any CPU
		{42870854-1FA1-4EE7-99CA-A65CB115B95B}.Debug|Any CPU.Build.0 = Debug|Any CPU
		{42870854-1FA1-4EE7-99CA-A65CB115B95B}.Release|Any CPU.ActiveCfg = Release|Any CPU
		{42870854-1FA1-4EE7-99CA-A65CB115B95B}.Release|Any CPU.Build.0 = Release|Any CPU
	EndGlobalSection
	GlobalSection(SolutionProperties) = preSolution
		HideSolutionNode = FALSE
	EndGlobalSection
	GlobalSection(ExtensibilityGlobals) = postSolution
		SolutionGuid = {B72D1B85-CD86-4FA2-8E23-527DAD2442B1}
	EndGlobalSection
EndGlobal
